{
  "name": "lab1",
  "lockfileVersion": 3,
  "requires": true,
  "packages": {
    "": {
      "dependencies": {
        "ionicons": "^7.4.0"
      }
    },
    "node_modules/@stencil/core": {
      "version": "4.26.0",
      "resolved": "https://registry.npmjs.org/@stencil/core/-/core-4.26.0.tgz",
      "integrity": "sha512-+0Inu+dJ9/LgWSskcZwx7v17v4GILcwIYxNgD+OuK0U+D5z61WsxWw7yHkYG5OqGPBijsJMVssYRx/Tn+e7F9A==",
      "license": "MIT",
      "bin": {
        "stencil": "bin/stencil"
      },
      "engines": {
        "node": ">=16.0.0",
        "npm": ">=7.10.0"
      }
    },
    "node_modules/ionicons": {
      "version": "7.4.0",
      "resolved": "https://registry.npmjs.org/ionicons/-/ionicons-7.4.0.tgz",
      "integrity": "sha512-ZK94MMqgzMCPPMhmk8Ouu6goyVHFIlw/ACP6oe3FrikcI0N7CX0xcwVaEbUc0G/v3W0shI93vo+9ve/KpvcNhQ==",
      "license": "MIT",
      "dependencies": {
        "@stencil/core": "^4.0.3"
      }
    }
  }
}
